
Microsoft Visual Studio Solution File, Format Version 12.00
# Visual Studio Version 17
VisualStudioVersion = 17.3.32901.215
MinimumVisualStudioVersion = 10.0.40219.1
Project("{FAE04EC0-301F-11D3-BF4B-00C04F79EFBC}") = "SortItOut.API", "SortItOut.API\SortItOut.API.csproj", "{929E8107-9900-4649-A24A-4CC38D3ADC80}"
EndProject
Global
	GlobalSection(SolutionConfigurationPlatforms) = preSolution
		Debug|Any CPU = Debug|Any CPU
		Release|Any CPU = Release|Any CPU
	EndGlobalSection
	GlobalSection(ProjectConfigurationPlatforms) = postSolution
		{929E8107-9900-4649-A24A-4CC38D3ADC80}.Debug|Any CPU.ActiveCfg = Debug|Any CPU
		{929E8107-9900-4649-A24A-4CC38D3ADC80}.Debug|Any CPU.Build.0 = Debug|Any CPU
		{929E8107-9900-4649-A24A-4CC38D3ADC80}.Release|Any CPU.ActiveCfg = Release|Any CPU
		{929E8107-9900-4649-A24A-4CC38D3ADC80}.Release|Any CPU.Build.0 = Release|Any CPU
	EndGlobalSection
	GlobalSection(SolutionProperties) = preSolution
		HideSolutionNode = FALSE
	EndGlobalSection
	GlobalSection(ExtensibilityGlobals) = postSolution
		SolutionGuid = {F0A6414F-371D-4148-9498-D7BA3DB39FD1}
	EndGlobalSection
EndGlobal
