
Microsoft Visual Studio Solution File, Format Version 12.00
# Visual Studio Version 17
VisualStudioVersion = 17.3.32901.215
MinimumVisualStudioVersion = 10.0.40219.1
Project("{9A19103F-16F7-4668-BE54-9A1E7A4F7556}") = "SortItOut.API", "SortItOut.API\SortItOut.API.csproj", "{929E8107-9900-4649-A24A-4CC38D3ADC80}"
EndProject
Project("{2150E333-8FDC-42A3-9474-1A3956D46DE8}") = "API", "API", "{AA4F4C73-11CB-4CD6-89E9-D7E039935313}"
EndProject
Project("{2150E333-8FDC-42A3-9474-1A3956D46DE8}") = "Infrastructure", "Infrastructure", "{6BD13EC4-9A37-4BA5-A703-B5D37C612348}"
EndProject
Project("{2150E333-8FDC-42A3-9474-1A3956D46DE8}") = "Models", "Models", "{AF7341AB-CC70-44EC-B029-6020F9B6CD5F}"
EndProject
Project("{2150E333-8FDC-42A3-9474-1A3956D46DE8}") = "Services", "Services", "{B82F0EC0-0AB4-4F0F-A0CC-08792608463D}"
EndProject
Project("{9A19103F-16F7-4668-BE54-9A1E7A4F7556}") = "SortItOut.Core", "SortItOut.Core\SortItOut.Core.csproj", "{E0007B97-CD51-4E50-9C21-08DCAEA451EB}"
EndProject
Project("{9A19103F-16F7-4668-BE54-9A1E7A4F7556}") = "SortItOut.Models", "SortItOut.Models\SortItOut.Models.csproj", "{15D47D5F-B1C9-45DA-ACAF-47F9AAA16EC5}"
EndProject
Project("{2150E333-8FDC-42A3-9474-1A3956D46DE8}") = "Configuration", "Configuration", "{68A27DE9-906F-4D98-9464-CD95AF72CBA6}"
EndProject
Project("{2150E333-8FDC-42A3-9474-1A3956D46DE8}") = "DataAccess", "DataAccess", "{6B6A5048-FE77-48BE-9FF2-C9453B77DBEB}"
EndProject
Project("{9A19103F-16F7-4668-BE54-9A1E7A4F7556}") = "SortItOut.Configuration", "SortItOut.Configuration\SortItOut.Configuration.csproj", "{ABE60E23-2B65-4E18-8ADB-6A5DBC78A9BD}"
EndProject
Project("{FAE04EC0-301F-11D3-BF4B-00C04F79EFBC}") = "SortItOut.DataAccess", "SortItOut.DataAccess\SortItOut.DataAccess.csproj", "{B0EACC75-5C9A-4537-91D4-0E71C3072731}"
EndProject
Project("{FAE04EC0-301F-11D3-BF4B-00C04F79EFBC}") = "SortItOut.DataAccess.Csc", "SortItOut.DataAccess.Csc\SortItOut.DataAccess.Csc.csproj", "{DA29BD8C-93DD-468A-8DCA-EA027C8BF54D}"
EndProject
Global
	GlobalSection(SolutionConfigurationPlatforms) = preSolution
		Debug|Any CPU = Debug|Any CPU
		Release|Any CPU = Release|Any CPU
	EndGlobalSection
	GlobalSection(ProjectConfigurationPlatforms) = postSolution
		{929E8107-9900-4649-A24A-4CC38D3ADC80}.Debug|Any CPU.ActiveCfg = Debug|Any CPU
		{929E8107-9900-4649-A24A-4CC38D3ADC80}.Debug|Any CPU.Build.0 = Debug|Any CPU
		{929E8107-9900-4649-A24A-4CC38D3ADC80}.Release|Any CPU.ActiveCfg = Release|Any CPU
		{929E8107-9900-4649-A24A-4CC38D3ADC80}.Release|Any CPU.Build.0 = Release|Any CPU
		{E0007B97-CD51-4E50-9C21-08DCAEA451EB}.Debug|Any CPU.ActiveCfg = Debug|Any CPU
		{E0007B97-CD51-4E50-9C21-08DCAEA451EB}.Debug|Any CPU.Build.0 = Debug|Any CPU
		{E0007B97-CD51-4E50-9C21-08DCAEA451EB}.Release|Any CPU.ActiveCfg = Release|Any CPU
		{E0007B97-CD51-4E50-9C21-08DCAEA451EB}.Release|Any CPU.Build.0 = Release|Any CPU
		{15D47D5F-B1C9-45DA-ACAF-47F9AAA16EC5}.Debug|Any CPU.ActiveCfg = Debug|Any CPU
		{15D47D5F-B1C9-45DA-ACAF-47F9AAA16EC5}.Debug|Any CPU.Build.0 = Debug|Any CPU
		{15D47D5F-B1C9-45DA-ACAF-47F9AAA16EC5}.Release|Any CPU.ActiveCfg = Release|Any CPU
		{15D47D5F-B1C9-45DA-ACAF-47F9AAA16EC5}.Release|Any CPU.Build.0 = Release|Any CPU
		{ABE60E23-2B65-4E18-8ADB-6A5DBC78A9BD}.Debug|Any CPU.ActiveCfg = Debug|Any CPU
		{ABE60E23-2B65-4E18-8ADB-6A5DBC78A9BD}.Debug|Any CPU.Build.0 = Debug|Any CPU
		{ABE60E23-2B65-4E18-8ADB-6A5DBC78A9BD}.Release|Any CPU.ActiveCfg = Release|Any CPU
		{ABE60E23-2B65-4E18-8ADB-6A5DBC78A9BD}.Release|Any CPU.Build.0 = Release|Any CPU
		{B0EACC75-5C9A-4537-91D4-0E71C3072731}.Debug|Any CPU.ActiveCfg = Debug|Any CPU
		{B0EACC75-5C9A-4537-91D4-0E71C3072731}.Debug|Any CPU.Build.0 = Debug|Any CPU
		{B0EACC75-5C9A-4537-91D4-0E71C3072731}.Release|Any CPU.ActiveCfg = Release|Any CPU
		{B0EACC75-5C9A-4537-91D4-0E71C3072731}.Release|Any CPU.Build.0 = Release|Any CPU
		{DA29BD8C-93DD-468A-8DCA-EA027C8BF54D}.Debug|Any CPU.ActiveCfg = Debug|Any CPU
		{DA29BD8C-93DD-468A-8DCA-EA027C8BF54D}.Debug|Any CPU.Build.0 = Debug|Any CPU
		{DA29BD8C-93DD-468A-8DCA-EA027C8BF54D}.Release|Any CPU.ActiveCfg = Release|Any CPU
		{DA29BD8C-93DD-468A-8DCA-EA027C8BF54D}.Release|Any CPU.Build.0 = Release|Any CPU
	EndGlobalSection
	GlobalSection(SolutionProperties) = preSolution
		HideSolutionNode = FALSE
	EndGlobalSection
	GlobalSection(NestedProjects) = preSolution
		{929E8107-9900-4649-A24A-4CC38D3ADC80} = {AA4F4C73-11CB-4CD6-89E9-D7E039935313}
		{E0007B97-CD51-4E50-9C21-08DCAEA451EB} = {B82F0EC0-0AB4-4F0F-A0CC-08792608463D}
		{15D47D5F-B1C9-45DA-ACAF-47F9AAA16EC5} = {AF7341AB-CC70-44EC-B029-6020F9B6CD5F}
		{68A27DE9-906F-4D98-9464-CD95AF72CBA6} = {6BD13EC4-9A37-4BA5-A703-B5D37C612348}
		{6B6A5048-FE77-48BE-9FF2-C9453B77DBEB} = {6BD13EC4-9A37-4BA5-A703-B5D37C612348}
		{ABE60E23-2B65-4E18-8ADB-6A5DBC78A9BD} = {68A27DE9-906F-4D98-9464-CD95AF72CBA6}
		{B0EACC75-5C9A-4537-91D4-0E71C3072731} = {6B6A5048-FE77-48BE-9FF2-C9453B77DBEB}
		{DA29BD8C-93DD-468A-8DCA-EA027C8BF54D} = {6B6A5048-FE77-48BE-9FF2-C9453B77DBEB}
	EndGlobalSection
	GlobalSection(ExtensibilityGlobals) = postSolution
		SolutionGuid = {F0A6414F-371D-4148-9498-D7BA3DB39FD1}
	EndGlobalSection
EndGlobal
